// !$*UTF8*$!
{
	archiveVersion = 1;
	classes = {
	};
	objectVersion = 48;
	objects = {

/* Begin PBXBuildFile section */
		22E4B7BEFA7E8B409CF82101 /* Pods_FaceEvaluationTests.framework in Frameworks */ = {isa = PBXBuildFile; fileRef = 5268135429F58DFCDC61730E /* Pods_FaceEvaluationTests.framework */; };
		751724A79BEE89B7521E3CC1 /* Pods_FaceEvaluation.framework in Frameworks */ = {isa = PBXBuildFile; fileRef = D83DE6A13569FC6DEB3CEB01 /* Pods_FaceEvaluation.framework */; };
		A62E80C42052C32900D6CBC7 /* AppDelegate.swift in Sources */ = {isa = PBXBuildFile; fileRef = A62E80C32052C32900D6CBC7 /* AppDelegate.swift */; };
		A62E80C62052C32900D6CBC7 /* ViewController.swift in Sources */ = {isa = PBXBuildFile; fileRef = A62E80C52052C32900D6CBC7 /* ViewController.swift */; };
		A62E80C92052C32900D6CBC7 /* Main.storyboard in Resources */ = {isa = PBXBuildFile; fileRef = A62E80C72052C32900D6CBC7 /* Main.storyboard */; };
		A62E80CC2052C32900D6CBC7 /* FaceEvaluation.xcdatamodeld in Sources */ = {isa = PBXBuildFile; fileRef = A62E80CA2052C32900D6CBC7 /* FaceEvaluation.xcdatamodeld */; };
		A62E80CE2052C32900D6CBC7 /* Assets.xcassets in Resources */ = {isa = PBXBuildFile; fileRef = A62E80CD2052C32900D6CBC7 /* Assets.xcassets */; };
		A62E80D12052C32900D6CBC7 /* LaunchScreen.storyboard in Resources */ = {isa = PBXBuildFile; fileRef = A62E80CF2052C32900D6CBC7 /* LaunchScreen.storyboard */; };
		A62E80DC2052C32900D6CBC7 /* FaceEvaluationTests.swift in Sources */ = {isa = PBXBuildFile; fileRef = A62E80DB2052C32900D6CBC7 /* FaceEvaluationTests.swift */; };
		A62E80E72052C32900D6CBC7 /* FaceEvaluationUITests.swift in Sources */ = {isa = PBXBuildFile; fileRef = A62E80E62052C32900D6CBC7 /* FaceEvaluationUITests.swift */; };
		A6CB53AB2053CC2900476552 /* photo.jpg in Resources */ = {isa = PBXBuildFile; fileRef = A6CB53AA2053CC2900476552 /* photo.jpg */; };
		A6CB53AD205509F000476552 /* CardView.swift in Sources */ = {isa = PBXBuildFile; fileRef = A6CB53AC205509F000476552 /* CardView.swift */; };
		A6CB53AF2055850800476552 /* ZLSwipeableView.swift in Sources */ = {isa = PBXBuildFile; fileRef = A6CB53AE2055850800476552 /* ZLSwipeableView.swift */; };
		A6CB53B12055855100476552 /* Direction.swift in Sources */ = {isa = PBXBuildFile; fileRef = A6CB53B02055855100476552 /* Direction.swift */; };
		A6CB53B32055857B00476552 /* ViewManager.swift in Sources */ = {isa = PBXBuildFile; fileRef = A6CB53B22055857B00476552 /* ViewManager.swift */; };
		A6CB53B5205585B300476552 /* Scheduler.swift in Sources */ = {isa = PBXBuildFile; fileRef = A6CB53B4205585B300476552 /* Scheduler.swift */; };
		D001E138D0CE27EFB5953807 /* Pods_FaceEvaluationUITests.framework in Frameworks */ = {isa = PBXBuildFile; fileRef = F5156A5D00A1BBBA9BB348A3 /* Pods_FaceEvaluationUITests.framework */; };
/* End PBXBuildFile section */

/* Begin PBXContainerItemProxy section */
		A62E80D82052C32900D6CBC7 /* PBXContainerItemProxy */ = {
			isa = PBXContainerItemProxy;
			containerPortal = A62E80B82052C32900D6CBC7 /* Project object */;
			proxyType = 1;
			remoteGlobalIDString = A62E80BF2052C32900D6CBC7;
			remoteInfo = FaceEvaluation;
		};
		A62E80E32052C32900D6CBC7 /* PBXContainerItemProxy */ = {
			isa = PBXContainerItemProxy;
			containerPortal = A62E80B82052C32900D6CBC7 /* Project object */;
			proxyType = 1;
			remoteGlobalIDString = A62E80BF2052C32900D6CBC7;
			remoteInfo = FaceEvaluation;
		};
/* End PBXContainerItemProxy section */

/* Begin PBXFileReference section */
		23D0D43A0477590E1A1B2FAA /* Pods-FaceEvaluationTests.release.xcconfig */ = {isa = PBXFileReference; includeInIndex = 1; lastKnownFileType = text.xcconfig; name = "Pods-FaceEvaluationTests.release.xcconfig"; path = "Pods/Target Support Files/Pods-FaceEvaluationTests/Pods-FaceEvaluationTests.release.xcconfig"; sourceTree = "<group>"; };
		4DD06BA3392A3782E4BE7CFF /* Pods-FaceEvaluationUITests.release.xcconfig */ = {isa = PBXFileReference; includeInIndex = 1; lastKnownFileType = text.xcconfig; name = "Pods-FaceEvaluationUITests.release.xcconfig"; path = "Pods/Target Support Files/Pods-FaceEvaluationUITests/Pods-FaceEvaluationUITests.release.xcconfig"; sourceTree = "<group>"; };
		5268135429F58DFCDC61730E /* Pods_FaceEvaluationTests.framework */ = {isa = PBXFileReference; explicitFileType = wrapper.framework; includeInIndex = 0; path = Pods_FaceEvaluationTests.framework; sourceTree = BUILT_PRODUCTS_DIR; };
		56D8B86A2CF0C020C6860F95 /* Pods-FaceEvaluation.release.xcconfig */ = {isa = PBXFileReference; includeInIndex = 1; lastKnownFileType = text.xcconfig; name = "Pods-FaceEvaluation.release.xcconfig"; path = "Pods/Target Support Files/Pods-FaceEvaluation/Pods-FaceEvaluation.release.xcconfig"; sourceTree = "<group>"; };
		5F529D584E7A8EF23BCE0AF6 /* Pods-FaceEvaluationTests.debug.xcconfig */ = {isa = PBXFileReference; includeInIndex = 1; lastKnownFileType = text.xcconfig; name = "Pods-FaceEvaluationTests.debug.xcconfig"; path = "Pods/Target Support Files/Pods-FaceEvaluationTests/Pods-FaceEvaluationTests.debug.xcconfig"; sourceTree = "<group>"; };
		934DD96329448B262F83C4AF /* Pods-FaceEvaluation.debug.xcconfig */ = {isa = PBXFileReference; includeInIndex = 1; lastKnownFileType = text.xcconfig; name = "Pods-FaceEvaluation.debug.xcconfig"; path = "Pods/Target Support Files/Pods-FaceEvaluation/Pods-FaceEvaluation.debug.xcconfig"; sourceTree = "<group>"; };
		A62E80C02052C32900D6CBC7 /* FaceEvaluation.app */ = {isa = PBXFileReference; explicitFileType = wrapper.application; includeInIndex = 0; path = FaceEvaluation.app; sourceTree = BUILT_PRODUCTS_DIR; };
		A62E80C32052C32900D6CBC7 /* AppDelegate.swift */ = {isa = PBXFileReference; lastKnownFileType = sourcecode.swift; path = AppDelegate.swift; sourceTree = "<group>"; };
		A62E80C52052C32900D6CBC7 /* ViewController.swift */ = {isa = PBXFileReference; lastKnownFileType = sourcecode.swift; path = ViewController.swift; sourceTree = "<group>"; };
		A62E80C82052C32900D6CBC7 /* Base */ = {isa = PBXFileReference; lastKnownFileType = file.storyboard; name = Base; path = Base.lproj/Main.storyboard; sourceTree = "<group>"; };
		A62E80CB2052C32900D6CBC7 /* FaceEvaluation.xcdatamodel */ = {isa = PBXFileReference; lastKnownFileType = wrapper.xcdatamodel; path = FaceEvaluation.xcdatamodel; sourceTree = "<group>"; };
		A62E80CD2052C32900D6CBC7 /* Assets.xcassets */ = {isa = PBXFileReference; lastKnownFileType = folder.assetcatalog; path = Assets.xcassets; sourceTree = "<group>"; };
		A62E80D02052C32900D6CBC7 /* Base */ = {isa = PBXFileReference; lastKnownFileType = file.storyboard; name = Base; path = Base.lproj/LaunchScreen.storyboard; sourceTree = "<group>"; };
		A62E80D22052C32900D6CBC7 /* Info.plist */ = {isa = PBXFileReference; lastKnownFileType = text.plist.xml; path = Info.plist; sourceTree = "<group>"; };
		A62E80D72052C32900D6CBC7 /* FaceEvaluationTests.xctest */ = {isa = PBXFileReference; explicitFileType = wrapper.cfbundle; includeInIndex = 0; path = FaceEvaluationTests.xctest; sourceTree = BUILT_PRODUCTS_DIR; };
		A62E80DB2052C32900D6CBC7 /* FaceEvaluationTests.swift */ = {isa = PBXFileReference; lastKnownFileType = sourcecode.swift; path = FaceEvaluationTests.swift; sourceTree = "<group>"; };
		A62E80DD2052C32900D6CBC7 /* Info.plist */ = {isa = PBXFileReference; lastKnownFileType = text.plist.xml; path = Info.plist; sourceTree = "<group>"; };
		A62E80E22052C32900D6CBC7 /* FaceEvaluationUITests.xctest */ = {isa = PBXFileReference; explicitFileType = wrapper.cfbundle; includeInIndex = 0; path = FaceEvaluationUITests.xctest; sourceTree = BUILT_PRODUCTS_DIR; };
		A62E80E62052C32900D6CBC7 /* FaceEvaluationUITests.swift */ = {isa = PBXFileReference; lastKnownFileType = sourcecode.swift; path = FaceEvaluationUITests.swift; sourceTree = "<group>"; };
		A62E80E82052C32900D6CBC7 /* Info.plist */ = {isa = PBXFileReference; lastKnownFileType = text.plist.xml; path = Info.plist; sourceTree = "<group>"; };
		A6CB53AA2053CC2900476552 /* photo.jpg */ = {isa = PBXFileReference; lastKnownFileType = image.jpeg; path = photo.jpg; sourceTree = "<group>"; };
		A6CB53AC205509F000476552 /* CardView.swift */ = {isa = PBXFileReference; lastKnownFileType = sourcecode.swift; path = CardView.swift; sourceTree = "<group>"; };
		A6CB53AE2055850800476552 /* ZLSwipeableView.swift */ = {isa = PBXFileReference; lastKnownFileType = sourcecode.swift; path = ZLSwipeableView.swift; sourceTree = "<group>"; };
		A6CB53B02055855100476552 /* Direction.swift */ = {isa = PBXFileReference; lastKnownFileType = sourcecode.swift; path = Direction.swift; sourceTree = "<group>"; };
		A6CB53B22055857B00476552 /* ViewManager.swift */ = {isa = PBXFileReference; lastKnownFileType = sourcecode.swift; path = ViewManager.swift; sourceTree = "<group>"; };
		A6CB53B4205585B300476552 /* Scheduler.swift */ = {isa = PBXFileReference; lastKnownFileType = sourcecode.swift; path = Scheduler.swift; sourceTree = "<group>"; };
		BF73527EEBFE67791E8C1A7C /* Pods-FaceEvaluationUITests.debug.xcconfig */ = {isa = PBXFileReference; includeInIndex = 1; lastKnownFileType = text.xcconfig; name = "Pods-FaceEvaluationUITests.debug.xcconfig"; path = "Pods/Target Support Files/Pods-FaceEvaluationUITests/Pods-FaceEvaluationUITests.debug.xcconfig"; sourceTree = "<group>"; };
		D83DE6A13569FC6DEB3CEB01 /* Pods_FaceEvaluation.framework */ = {isa = PBXFileReference; explicitFileType = wrapper.framework; includeInIndex = 0; path = Pods_FaceEvaluation.framework; sourceTree = BUILT_PRODUCTS_DIR; };
		F5156A5D00A1BBBA9BB348A3 /* Pods_FaceEvaluationUITests.framework */ = {isa = PBXFileReference; explicitFileType = wrapper.framework; includeInIndex = 0; path = Pods_FaceEvaluationUITests.framework; sourceTree = BUILT_PRODUCTS_DIR; };
/* End PBXFileReference section */

/* Begin PBXFrameworksBuildPhase section */
		A62E80BD2052C32900D6CBC7 /* Frameworks */ = {
			isa = PBXFrameworksBuildPhase;
			buildActionMask = 2147483647;
			files = (
				751724A79BEE89B7521E3CC1 /* Pods_FaceEvaluation.framework in Frameworks */,
			);
			runOnlyForDeploymentPostprocessing = 0;
		};
		A62E80D42052C32900D6CBC7 /* Frameworks */ = {
			isa = PBXFrameworksBuildPhase;
			buildActionMask = 2147483647;
			files = (
				22E4B7BEFA7E8B409CF82101 /* Pods_FaceEvaluationTests.framework in Frameworks */,
			);
			runOnlyForDeploymentPostprocessing = 0;
		};
		A62E80DF2052C32900D6CBC7 /* Frameworks */ = {
			isa = PBXFrameworksBuildPhase;
			buildActionMask = 2147483647;
			files = (
				D001E138D0CE27EFB5953807 /* Pods_FaceEvaluationUITests.framework in Frameworks */,
			);
			runOnlyForDeploymentPostprocessing = 0;
		};
/* End PBXFrameworksBuildPhase section */

/* Begin PBXGroup section */
		776C51C49A314BFF5028C87B /* Frameworks */ = {
			isa = PBXGroup;
			children = (
				D83DE6A13569FC6DEB3CEB01 /* Pods_FaceEvaluation.framework */,
				5268135429F58DFCDC61730E /* Pods_FaceEvaluationTests.framework */,
				F5156A5D00A1BBBA9BB348A3 /* Pods_FaceEvaluationUITests.framework */,
			);
			name = Frameworks;
			sourceTree = "<group>";
		};
		A62E80B72052C32900D6CBC7 = {
			isa = PBXGroup;
			children = (
				A62E80C22052C32900D6CBC7 /* FaceEvaluation */,
				A62E80DA2052C32900D6CBC7 /* FaceEvaluationTests */,
				A62E80E52052C32900D6CBC7 /* FaceEvaluationUITests */,
				A62E80C12052C32900D6CBC7 /* Products */,
				DE8CBCAB7B06CC081E86E2DA /* Pods */,
				776C51C49A314BFF5028C87B /* Frameworks */,
			);
			sourceTree = "<group>";
		};
		A62E80C12052C32900D6CBC7 /* Products */ = {
			isa = PBXGroup;
			children = (
				A62E80C02052C32900D6CBC7 /* FaceEvaluation.app */,
				A62E80D72052C32900D6CBC7 /* FaceEvaluationTests.xctest */,
				A62E80E22052C32900D6CBC7 /* FaceEvaluationUITests.xctest */,
			);
			name = Products;
			sourceTree = "<group>";
		};
		A62E80C22052C32900D6CBC7 /* FaceEvaluation */ = {
			isa = PBXGroup;
			children = (
				A62E80C32052C32900D6CBC7 /* AppDelegate.swift */,
				A62E80C52052C32900D6CBC7 /* ViewController.swift */,
				A62E80C72052C32900D6CBC7 /* Main.storyboard */,
				A62E80CD2052C32900D6CBC7 /* Assets.xcassets */,
				A6CB53AA2053CC2900476552 /* photo.jpg */,
				A62E80CF2052C32900D6CBC7 /* LaunchScreen.storyboard */,
				A62E80D22052C32900D6CBC7 /* Info.plist */,
				A62E80CA2052C32900D6CBC7 /* FaceEvaluation.xcdatamodeld */,
				A6CB53AC205509F000476552 /* CardView.swift */,
				A6CB53AE2055850800476552 /* ZLSwipeableView.swift */,
				A6CB53B02055855100476552 /* Direction.swift */,
				A6CB53B22055857B00476552 /* ViewManager.swift */,
				A6CB53B4205585B300476552 /* Scheduler.swift */,
			);
			path = FaceEvaluation;
			sourceTree = "<group>";
		};
		A62E80DA2052C32900D6CBC7 /* FaceEvaluationTests */ = {
			isa = PBXGroup;
			children = (
				A62E80DB2052C32900D6CBC7 /* FaceEvaluationTests.swift */,
				A62E80DD2052C32900D6CBC7 /* Info.plist */,
			);
			path = FaceEvaluationTests;
			sourceTree = "<group>";
		};
		A62E80E52052C32900D6CBC7 /* FaceEvaluationUITests */ = {
			isa = PBXGroup;
			children = (
				A62E80E62052C32900D6CBC7 /* FaceEvaluationUITests.swift */,
				A62E80E82052C32900D6CBC7 /* Info.plist */,
			);
			path = FaceEvaluationUITests;
			sourceTree = "<group>";
		};
		DE8CBCAB7B06CC081E86E2DA /* Pods */ = {
			isa = PBXGroup;
			children = (
				934DD96329448B262F83C4AF /* Pods-FaceEvaluation.debug.xcconfig */,
				56D8B86A2CF0C020C6860F95 /* Pods-FaceEvaluation.release.xcconfig */,
				5F529D584E7A8EF23BCE0AF6 /* Pods-FaceEvaluationTests.debug.xcconfig */,
				23D0D43A0477590E1A1B2FAA /* Pods-FaceEvaluationTests.release.xcconfig */,
				BF73527EEBFE67791E8C1A7C /* Pods-FaceEvaluationUITests.debug.xcconfig */,
				4DD06BA3392A3782E4BE7CFF /* Pods-FaceEvaluationUITests.release.xcconfig */,
			);
			name = Pods;
			sourceTree = "<group>";
		};
/* End PBXGroup section */

/* Begin PBXNativeTarget section */
		A62E80BF2052C32900D6CBC7 /* FaceEvaluation */ = {
			isa = PBXNativeTarget;
			buildConfigurationList = A62E80EB2052C32900D6CBC7 /* Build configuration list for PBXNativeTarget "FaceEvaluation" */;
			buildPhases = (
				357E0C8CF92CB75FC0D28B17 /* [CP] Check Pods Manifest.lock */,
				A62E80BC2052C32900D6CBC7 /* Sources */,
				A62E80BD2052C32900D6CBC7 /* Frameworks */,
				A62E80BE2052C32900D6CBC7 /* Resources */,
				379F4B695C0900DBB84328DD /* [CP] Embed Pods Frameworks */,
				CF522FF85063999A7B6DF133 /* [CP] Copy Pods Resources */,
			);
			buildRules = (
			);
			dependencies = (
			);
			name = FaceEvaluation;
			productName = FaceEvaluation;
			productReference = A62E80C02052C32900D6CBC7 /* FaceEvaluation.app */;
			productType = "com.apple.product-type.application";
		};
		A62E80D62052C32900D6CBC7 /* FaceEvaluationTests */ = {
			isa = PBXNativeTarget;
			buildConfigurationList = A62E80EE2052C32900D6CBC7 /* Build configuration list for PBXNativeTarget "FaceEvaluationTests" */;
			buildPhases = (
				8D8E1F4C60B6E62B37F6854A /* [CP] Check Pods Manifest.lock */,
				A62E80D32052C32900D6CBC7 /* Sources */,
				A62E80D42052C32900D6CBC7 /* Frameworks */,
				A62E80D52052C32900D6CBC7 /* Resources */,
				4D25D423B266A23B62ACECDB /* [CP] Embed Pods Frameworks */,
				DDE3222BA03C226D5C807663 /* [CP] Copy Pods Resources */,
			);
			buildRules = (
			);
			dependencies = (
				A62E80D92052C32900D6CBC7 /* PBXTargetDependency */,
			);
			name = FaceEvaluationTests;
			productName = FaceEvaluationTests;
			productReference = A62E80D72052C32900D6CBC7 /* FaceEvaluationTests.xctest */;
			productType = "com.apple.product-type.bundle.unit-test";
		};
		A62E80E12052C32900D6CBC7 /* FaceEvaluationUITests */ = {
			isa = PBXNativeTarget;
			buildConfigurationList = A62E80F12052C32900D6CBC7 /* Build configuration list for PBXNativeTarget "FaceEvaluationUITests" */;
			buildPhases = (
				DA7AD9785A2706A3C6D405BE /* [CP] Check Pods Manifest.lock */,
				A62E80DE2052C32900D6CBC7 /* Sources */,
				A62E80DF2052C32900D6CBC7 /* Frameworks */,
				A62E80E02052C32900D6CBC7 /* Resources */,
				AB24AF38D188F2BF612B8C9C /* [CP] Embed Pods Frameworks */,
				E917DF2BF108F23C51B37840 /* [CP] Copy Pods Resources */,
			);
			buildRules = (
			);
			dependencies = (
				A62E80E42052C32900D6CBC7 /* PBXTargetDependency */,
			);
			name = FaceEvaluationUITests;
			productName = FaceEvaluationUITests;
			productReference = A62E80E22052C32900D6CBC7 /* FaceEvaluationUITests.xctest */;
			productType = "com.apple.product-type.bundle.ui-testing";
		};
/* End PBXNativeTarget section */

/* Begin PBXProject section */
		A62E80B82052C32900D6CBC7 /* Project object */ = {
			isa = PBXProject;
			attributes = {
				LastSwiftUpdateCheck = 0920;
				LastUpgradeCheck = 0920;
				ORGANIZATIONNAME = "田宮大暉";
				TargetAttributes = {
					A62E80BF2052C32900D6CBC7 = {
						CreatedOnToolsVersion = 9.2;
						ProvisioningStyle = Automatic;
					};
					A62E80D62052C32900D6CBC7 = {
						CreatedOnToolsVersion = 9.2;
						ProvisioningStyle = Automatic;
						TestTargetID = A62E80BF2052C32900D6CBC7;
					};
					A62E80E12052C32900D6CBC7 = {
						CreatedOnToolsVersion = 9.2;
						ProvisioningStyle = Automatic;
						TestTargetID = A62E80BF2052C32900D6CBC7;
					};
				};
			};
			buildConfigurationList = A62E80BB2052C32900D6CBC7 /* Build configuration list for PBXProject "FaceEvaluation" */;
			compatibilityVersion = "Xcode 8.0";
			developmentRegion = en;
			hasScannedForEncodings = 0;
			knownRegions = (
				en,
				Base,
			);
			mainGroup = A62E80B72052C32900D6CBC7;
			productRefGroup = A62E80C12052C32900D6CBC7 /* Products */;
			projectDirPath = "";
			projectRoot = "";
			targets = (
				A62E80BF2052C32900D6CBC7 /* FaceEvaluation */,
				A62E80D62052C32900D6CBC7 /* FaceEvaluationTests */,
				A62E80E12052C32900D6CBC7 /* FaceEvaluationUITests */,
			);
		};
/* End PBXProject section */

/* Begin PBXResourcesBuildPhase section */
		A62E80BE2052C32900D6CBC7 /* Resources */ = {
			isa = PBXResourcesBuildPhase;
			buildActionMask = 2147483647;
			files = (
				A62E80D12052C32900D6CBC7 /* LaunchScreen.storyboard in Resources */,
				A62E80CE2052C32900D6CBC7 /* Assets.xcassets in Resources */,
				A6CB53AB2053CC2900476552 /* photo.jpg in Resources */,
				A62E80C92052C32900D6CBC7 /* Main.storyboard in Resources */,
			);
			runOnlyForDeploymentPostprocessing = 0;
		};
		A62E80D52052C32900D6CBC7 /* Resources */ = {
			isa = PBXResourcesBuildPhase;
			buildActionMask = 2147483647;
			files = (
			);
			runOnlyForDeploymentPostprocessing = 0;
		};
		A62E80E02052C32900D6CBC7 /* Resources */ = {
			isa = PBXResourcesBuildPhase;
			buildActionMask = 2147483647;
			files = (
			);
			runOnlyForDeploymentPostprocessing = 0;
		};
/* End PBXResourcesBuildPhase section */

/* Begin PBXShellScriptBuildPhase section */
		357E0C8CF92CB75FC0D28B17 /* [CP] Check Pods Manifest.lock */ = {
			isa = PBXShellScriptBuildPhase;
			buildActionMask = 2147483647;
			files = (
			);
			inputPaths = (
				"${PODS_PODFILE_DIR_PATH}/Podfile.lock",
				"${PODS_ROOT}/Manifest.lock",
			);
			name = "[CP] Check Pods Manifest.lock";
			outputPaths = (
				"$(DERIVED_FILE_DIR)/Pods-FaceEvaluation-checkManifestLockResult.txt",
			);
			runOnlyForDeploymentPostprocessing = 0;
			shellPath = /bin/sh;
			shellScript = "diff \"${PODS_PODFILE_DIR_PATH}/Podfile.lock\" \"${PODS_ROOT}/Manifest.lock\" > /dev/null\nif [ $? != 0 ] ; then\n    # print error to STDERR\n    echo \"error: The sandbox is not in sync with the Podfile.lock. Run 'pod install' or update your CocoaPods installation.\" >&2\n    exit 1\nfi\n# This output is used by Xcode 'outputs' to avoid re-running this script phase.\necho \"SUCCESS\" > \"${SCRIPT_OUTPUT_FILE_0}\"\n";
			showEnvVarsInLog = 0;
		};
		379F4B695C0900DBB84328DD /* [CP] Embed Pods Frameworks */ = {
			isa = PBXShellScriptBuildPhase;
			buildActionMask = 2147483647;
			files = (
			);
			inputPaths = (
				"${SRCROOT}/Pods/Target Support Files/Pods-FaceEvaluation/Pods-FaceEvaluation-frameworks.sh",
				"${BUILT_PRODUCTS_DIR}/Cartography/Cartography.framework",
				"${BUILT_PRODUCTS_DIR}/UIColor+FlatColors/UIColor_FlatColors.framework",
			);
			name = "[CP] Embed Pods Frameworks";
			outputPaths = (
				"${TARGET_BUILD_DIR}/${FRAMEWORKS_FOLDER_PATH}/Cartography.framework",
				"${TARGET_BUILD_DIR}/${FRAMEWORKS_FOLDER_PATH}/UIColor_FlatColors.framework",
			);
			runOnlyForDeploymentPostprocessing = 0;
			shellPath = /bin/sh;
			shellScript = "\"${SRCROOT}/Pods/Target Support Files/Pods-FaceEvaluation/Pods-FaceEvaluation-frameworks.sh\"\n";
			showEnvVarsInLog = 0;
		};
		4D25D423B266A23B62ACECDB /* [CP] Embed Pods Frameworks */ = {
			isa = PBXShellScriptBuildPhase;
			buildActionMask = 2147483647;
			files = (
			);
			inputPaths = (
			);
			name = "[CP] Embed Pods Frameworks";
			outputPaths = (
			);
			runOnlyForDeploymentPostprocessing = 0;
			shellPath = /bin/sh;
			shellScript = "\"${SRCROOT}/Pods/Target Support Files/Pods-FaceEvaluationTests/Pods-FaceEvaluationTests-frameworks.sh\"\n";
			showEnvVarsInLog = 0;
		};
		8D8E1F4C60B6E62B37F6854A /* [CP] Check Pods Manifest.lock */ = {
			isa = PBXShellScriptBuildPhase;
			buildActionMask = 2147483647;
			files = (
			);
			inputPaths = (
				"${PODS_PODFILE_DIR_PATH}/Podfile.lock",
				"${PODS_ROOT}/Manifest.lock",
			);
			name = "[CP] Check Pods Manifest.lock";
			outputPaths = (
				"$(DERIVED_FILE_DIR)/Pods-FaceEvaluationTests-checkManifestLockResult.txt",
			);
			runOnlyForDeploymentPostprocessing = 0;
			shellPath = /bin/sh;
			shellScript = "diff \"${PODS_PODFILE_DIR_PATH}/Podfile.lock\" \"${PODS_ROOT}/Manifest.lock\" > /dev/null\nif [ $? != 0 ] ; then\n    # print error to STDERR\n    echo \"error: The sandbox is not in sync with the Podfile.lock. Run 'pod install' or update your CocoaPods installation.\" >&2\n    exit 1\nfi\n# This output is used by Xcode 'outputs' to avoid re-running this script phase.\necho \"SUCCESS\" > \"${SCRIPT_OUTPUT_FILE_0}\"\n";
			showEnvVarsInLog = 0;
		};
		AB24AF38D188F2BF612B8C9C /* [CP] Embed Pods Frameworks */ = {
			isa = PBXShellScriptBuildPhase;
			buildActionMask = 2147483647;
			files = (
			);
			inputPaths = (
			);
			name = "[CP] Embed Pods Frameworks";
			outputPaths = (
			);
			runOnlyForDeploymentPostprocessing = 0;
			shellPath = /bin/sh;
			shellScript = "\"${SRCROOT}/Pods/Target Support Files/Pods-FaceEvaluationUITests/Pods-FaceEvaluationUITests-frameworks.sh\"\n";
			showEnvVarsInLog = 0;
		};
		CF522FF85063999A7B6DF133 /* [CP] Copy Pods Resources */ = {
			isa = PBXShellScriptBuildPhase;
			buildActionMask = 2147483647;
			files = (
			);
			inputPaths = (
			);
			name = "[CP] Copy Pods Resources";
			outputPaths = (
			);
			runOnlyForDeploymentPostprocessing = 0;
			shellPath = /bin/sh;
			shellScript = "\"${SRCROOT}/Pods/Target Support Files/Pods-FaceEvaluation/Pods-FaceEvaluation-resources.sh\"\n";
			showEnvVarsInLog = 0;
		};
		DA7AD9785A2706A3C6D405BE /* [CP] Check Pods Manifest.lock */ = {
			isa = PBXShellScriptBuildPhase;
			buildActionMask = 2147483647;
			files = (
			);
			inputPaths = (
				"${PODS_PODFILE_DIR_PATH}/Podfile.lock",
				"${PODS_ROOT}/Manifest.lock",
			);
			name = "[CP] Check Pods Manifest.lock";
			outputPaths = (
				"$(DERIVED_FILE_DIR)/Pods-FaceEvaluationUITests-checkManifestLockResult.txt",
			);
			runOnlyForDeploymentPostprocessing = 0;
			shellPath = /bin/sh;
			shellScript = "diff \"${PODS_PODFILE_DIR_PATH}/Podfile.lock\" \"${PODS_ROOT}/Manifest.lock\" > /dev/null\nif [ $? != 0 ] ; then\n    # print error to STDERR\n    echo \"error: The sandbox is not in sync with the Podfile.lock. Run 'pod install' or update your CocoaPods installation.\" >&2\n    exit 1\nfi\n# This output is used by Xcode 'outputs' to avoid re-running this script phase.\necho \"SUCCESS\" > \"${SCRIPT_OUTPUT_FILE_0}\"\n";
			showEnvVarsInLog = 0;
		};
		DDE3222BA03C226D5C807663 /* [CP] Copy Pods Resources */ = {
			isa = PBXShellScriptBuildPhase;
			buildActionMask = 2147483647;
			files = (
			);
			inputPaths = (
			);
			name = "[CP] Copy Pods Resources";
			outputPaths = (
			);
			runOnlyForDeploymentPostprocessing = 0;
			shellPath = /bin/sh;
			shellScript = "\"${SRCROOT}/Pods/Target Support Files/Pods-FaceEvaluationTests/Pods-FaceEvaluationTests-resources.sh\"\n";
			showEnvVarsInLog = 0;
		};
		E917DF2BF108F23C51B37840 /* [CP] Copy Pods Resources */ = {
			isa = PBXShellScriptBuildPhase;
			buildActionMask = 2147483647;
			files = (
			);
			inputPaths = (
			);
			name = "[CP] Copy Pods Resources";
			outputPaths = (
			);
			runOnlyForDeploymentPostprocessing = 0;
			shellPath = /bin/sh;
			shellScript = "\"${SRCROOT}/Pods/Target Support Files/Pods-FaceEvaluationUITests/Pods-FaceEvaluationUITests-resources.sh\"\n";
			showEnvVarsInLog = 0;
		};
/* End PBXShellScriptBuildPhase section */

/* Begin PBXSourcesBuildPhase section */
		A62E80BC2052C32900D6CBC7 /* Sources */ = {
			isa = PBXSourcesBuildPhase;
			buildActionMask = 2147483647;
			files = (
				A6CB53AF2055850800476552 /* ZLSwipeableView.swift in Sources */,
				A6CB53B5205585B300476552 /* Scheduler.swift in Sources */,
				A62E80CC2052C32900D6CBC7 /* FaceEvaluation.xcdatamodeld in Sources */,
				A62E80C62052C32900D6CBC7 /* ViewController.swift in Sources */,
				A6CB53AD205509F000476552 /* CardView.swift in Sources */,
				A62E80C42052C32900D6CBC7 /* AppDelegate.swift in Sources */,
				A6CB53B32055857B00476552 /* ViewManager.swift in Sources */,
				A6CB53B12055855100476552 /* Direction.swift in Sources */,
			);
			runOnlyForDeploymentPostprocessing = 0;
		};
		A62E80D32052C32900D6CBC7 /* Sources */ = {
			isa = PBXSourcesBuildPhase;
			buildActionMask = 2147483647;
			files = (
				A62E80DC2052C32900D6CBC7 /* FaceEvaluationTests.swift in Sources */,
			);
			runOnlyForDeploymentPostprocessing = 0;
		};
		A62E80DE2052C32900D6CBC7 /* Sources */ = {
			isa = PBXSourcesBuildPhase;
			buildActionMask = 2147483647;
			files = (
				A62E80E72052C32900D6CBC7 /* FaceEvaluationUITests.swift in Sources */,
			);
			runOnlyForDeploymentPostprocessing = 0;
		};
/* End PBXSourcesBuildPhase section */

/* Begin PBXTargetDependency section */
		A62E80D92052C32900D6CBC7 /* PBXTargetDependency */ = {
			isa = PBXTargetDependency;
			target = A62E80BF2052C32900D6CBC7 /* FaceEvaluation */;
			targetProxy = A62E80D82052C32900D6CBC7 /* PBXContainerItemProxy */;
		};
		A62E80E42052C32900D6CBC7 /* PBXTargetDependency */ = {
			isa = PBXTargetDependency;
			target = A62E80BF2052C32900D6CBC7 /* FaceEvaluation */;
			targetProxy = A62E80E32052C32900D6CBC7 /* PBXContainerItemProxy */;
		};
/* End PBXTargetDependency section */

/* Begin PBXVariantGroup section */
		A62E80C72052C32900D6CBC7 /* Main.storyboard */ = {
			isa = PBXVariantGroup;
			children = (
				A62E80C82052C32900D6CBC7 /* Base */,
			);
			name = Main.storyboard;
			sourceTree = "<group>";
		};
		A62E80CF2052C32900D6CBC7 /* LaunchScreen.storyboard */ = {
			isa = PBXVariantGroup;
			children = (
				A62E80D02052C32900D6CBC7 /* Base */,
			);
			name = LaunchScreen.storyboard;
			sourceTree = "<group>";
		};
/* End PBXVariantGroup section */

/* Begin XCBuildConfiguration section */
		A62E80E92052C32900D6CBC7 /* Debug */ = {
			isa = XCBuildConfiguration;
			buildSettings = {
				ALWAYS_SEARCH_USER_PATHS = NO;
				CLANG_ANALYZER_NONNULL = YES;
				CLANG_ANALYZER_NUMBER_OBJECT_CONVERSION = YES_AGGRESSIVE;
				CLANG_CXX_LANGUAGE_STANDARD = "gnu++14";
				CLANG_CXX_LIBRARY = "libc++";
				CLANG_ENABLE_MODULES = YES;
				CLANG_ENABLE_OBJC_ARC = YES;
				CLANG_WARN_BLOCK_CAPTURE_AUTORELEASING = YES;
				CLANG_WARN_BOOL_CONVERSION = YES;
				CLANG_WARN_COMMA = YES;
				CLANG_WARN_CONSTANT_CONVERSION = YES;
				CLANG_WARN_DIRECT_OBJC_ISA_USAGE = YES_ERROR;
				CLANG_WARN_DOCUMENTATION_COMMENTS = YES;
				CLANG_WARN_EMPTY_BODY = YES;
				CLANG_WARN_ENUM_CONVERSION = YES;
				CLANG_WARN_INFINITE_RECURSION = YES;
				CLANG_WARN_INT_CONVERSION = YES;
				CLANG_WARN_NON_LITERAL_NULL_CONVERSION = YES;
				CLANG_WARN_OBJC_LITERAL_CONVERSION = YES;
				CLANG_WARN_OBJC_ROOT_CLASS = YES_ERROR;
				CLANG_WARN_RANGE_LOOP_ANALYSIS = YES;
				CLANG_WARN_STRICT_PROTOTYPES = YES;
				CLANG_WARN_SUSPICIOUS_MOVE = YES;
				CLANG_WARN_UNGUARDED_AVAILABILITY = YES_AGGRESSIVE;
				CLANG_WARN_UNREACHABLE_CODE = YES;
				CLANG_WARN__DUPLICATE_METHOD_MATCH = YES;
				CODE_SIGN_IDENTITY = "iPhone Developer";
				COPY_PHASE_STRIP = NO;
				DEBUG_INFORMATION_FORMAT = dwarf;
				ENABLE_STRICT_OBJC_MSGSEND = YES;
				ENABLE_TESTABILITY = YES;
				GCC_C_LANGUAGE_STANDARD = gnu11;
				GCC_DYNAMIC_NO_PIC = NO;
				GCC_NO_COMMON_BLOCKS = YES;
				GCC_OPTIMIZATION_LEVEL = 0;
				GCC_PREPROCESSOR_DEFINITIONS = (
					"DEBUG=1",
					"$(inherited)",
				);
				GCC_WARN_64_TO_32_BIT_CONVERSION = YES;
				GCC_WARN_ABOUT_RETURN_TYPE = YES_ERROR;
				GCC_WARN_UNDECLARED_SELECTOR = YES;
				GCC_WARN_UNINITIALIZED_AUTOS = YES_AGGRESSIVE;
				GCC_WARN_UNUSED_FUNCTION = YES;
				GCC_WARN_UNUSED_VARIABLE = YES;
				IPHONEOS_DEPLOYMENT_TARGET = 11.2;
				MTL_ENABLE_DEBUG_INFO = YES;
				ONLY_ACTIVE_ARCH = YES;
				SDKROOT = iphoneos;
				SWIFT_ACTIVE_COMPILATION_CONDITIONS = DEBUG;
				SWIFT_OPTIMIZATION_LEVEL = "-Onone";
			};
			name = Debug;
		};
		A62E80EA2052C32900D6CBC7 /* Release */ = {
			isa = XCBuildConfiguration;
			buildSettings = {
				ALWAYS_SEARCH_USER_PATHS = NO;
				CLANG_ANALYZER_NONNULL = YES;
				CLANG_ANALYZER_NUMBER_OBJECT_CONVERSION = YES_AGGRESSIVE;
				CLANG_CXX_LANGUAGE_STANDARD = "gnu++14";
				CLANG_CXX_LIBRARY = "libc++";
				CLANG_ENABLE_MODULES = YES;
				CLANG_ENABLE_OBJC_ARC = YES;
				CLANG_WARN_BLOCK_CAPTURE_AUTORELEASING = YES;
				CLANG_WARN_BOOL_CONVERSION = YES;
				CLANG_WARN_COMMA = YES;
				CLANG_WARN_CONSTANT_CONVERSION = YES;
				CLANG_WARN_DIRECT_OBJC_ISA_USAGE = YES_ERROR;
				CLANG_WARN_DOCUMENTATION_COMMENTS = YES;
				CLANG_WARN_EMPTY_BODY = YES;
				CLANG_WARN_ENUM_CONVERSION = YES;
				CLANG_WARN_INFINITE_RECURSION = YES;
				CLANG_WARN_INT_CONVERSION = YES;
				CLANG_WARN_NON_LITERAL_NULL_CONVERSION = YES;
				CLANG_WARN_OBJC_LITERAL_CONVERSION = YES;
				CLANG_WARN_OBJC_ROOT_CLASS = YES_ERROR;
				CLANG_WARN_RANGE_LOOP_ANALYSIS = YES;
				CLANG_WARN_STRICT_PROTOTYPES = YES;
				CLANG_WARN_SUSPICIOUS_MOVE = YES;
				CLANG_WARN_UNGUARDED_AVAILABILITY = YES_AGGRESSIVE;
				CLANG_WARN_UNREACHABLE_CODE = YES;
				CLANG_WARN__DUPLICATE_METHOD_MATCH = YES;
				CODE_SIGN_IDENTITY = "iPhone Developer";
				COPY_PHASE_STRIP = NO;
				DEBUG_INFORMATION_FORMAT = "dwarf-with-dsym";
				ENABLE_NS_ASSERTIONS = NO;
				ENABLE_STRICT_OBJC_MSGSEND = YES;
				GCC_C_LANGUAGE_STANDARD = gnu11;
				GCC_NO_COMMON_BLOCKS = YES;
				GCC_WARN_64_TO_32_BIT_CONVERSION = YES;
				GCC_WARN_ABOUT_RETURN_TYPE = YES_ERROR;
				GCC_WARN_UNDECLARED_SELECTOR = YES;
				GCC_WARN_UNINITIALIZED_AUTOS = YES_AGGRESSIVE;
				GCC_WARN_UNUSED_FUNCTION = YES;
				GCC_WARN_UNUSED_VARIABLE = YES;
				IPHONEOS_DEPLOYMENT_TARGET = 11.2;
				MTL_ENABLE_DEBUG_INFO = NO;
				SDKROOT = iphoneos;
				SWIFT_OPTIMIZATION_LEVEL = "-Owholemodule";
				VALIDATE_PRODUCT = YES;
			};
			name = Release;
		};
		A62E80EC2052C32900D6CBC7 /* Debug */ = {
			isa = XCBuildConfiguration;
			baseConfigurationReference = 934DD96329448B262F83C4AF /* Pods-FaceEvaluation.debug.xcconfig */;
			buildSettings = {
				ASSETCATALOG_COMPILER_APPICON_NAME = AppIcon;
				CODE_SIGN_STYLE = Automatic;
				DEVELOPMENT_TEAM = XYQ55LVAAC;
				INFOPLIST_FILE = FaceEvaluation/Info.plist;
				LD_RUNPATH_SEARCH_PATHS = "$(inherited) @executable_path/Frameworks";
				PRODUCT_BUNDLE_IDENTIFIER = com.daiki.FaceEvaluation;
				PRODUCT_NAME = "$(TARGET_NAME)";
				SWIFT_VERSION = 4.0;
				TARGETED_DEVICE_FAMILY = "1,2";
			};
			name = Debug;
		};
		A62E80ED2052C32900D6CBC7 /* Release */ = {
			isa = XCBuildConfiguration;
			baseConfigurationReference = 56D8B86A2CF0C020C6860F95 /* Pods-FaceEvaluation.release.xcconfig */;
			buildSettings = {
				ASSETCATALOG_COMPILER_APPICON_NAME = AppIcon;
				CODE_SIGN_STYLE = Automatic;
				DEVELOPMENT_TEAM = XYQ55LVAAC;
				INFOPLIST_FILE = FaceEvaluation/Info.plist;
				LD_RUNPATH_SEARCH_PATHS = "$(inherited) @executable_path/Frameworks";
				PRODUCT_BUNDLE_IDENTIFIER = com.daiki.FaceEvaluation;
				PRODUCT_NAME = "$(TARGET_NAME)";
				SWIFT_VERSION = 4.0;
				TARGETED_DEVICE_FAMILY = "1,2";
			};
			name = Release;
		};
		A62E80EF2052C32900D6CBC7 /* Debug */ = {
			isa = XCBuildConfiguration;
			baseConfigurationReference = 5F529D584E7A8EF23BCE0AF6 /* Pods-FaceEvaluationTests.debug.xcconfig */;
			buildSettings = {
				ALWAYS_EMBED_SWIFT_STANDARD_LIBRARIES = YES;
				BUNDLE_LOADER = "$(TEST_HOST)";
				CODE_SIGN_STYLE = Automatic;
				DEVELOPMENT_TEAM = XYQ55LVAAC;
				INFOPLIST_FILE = FaceEvaluationTests/Info.plist;
				LD_RUNPATH_SEARCH_PATHS = "$(inherited) @executable_path/Frameworks @loader_path/Frameworks";
				PRODUCT_BUNDLE_IDENTIFIER = com.daiki.FaceEvaluationTests;
				PRODUCT_NAME = "$(TARGET_NAME)";
				SWIFT_VERSION = 4.0;
				TARGETED_DEVICE_FAMILY = "1,2";
				TEST_HOST = "$(BUILT_PRODUCTS_DIR)/FaceEvaluation.app/FaceEvaluation";
			};
			name = Debug;
		};
		A62E80F02052C32900D6CBC7 /* Release */ = {
			isa = XCBuildConfiguration;
			baseConfigurationReference = 23D0D43A0477590E1A1B2FAA /* Pods-FaceEvaluationTests.release.xcconfig */;
			buildSettings = {
				ALWAYS_EMBED_SWIFT_STANDARD_LIBRARIES = YES;
				BUNDLE_LOADER = "$(TEST_HOST)";
				CODE_SIGN_STYLE = Automatic;
				DEVELOPMENT_TEAM = XYQ55LVAAC;
				INFOPLIST_FILE = FaceEvaluationTests/Info.plist;
				LD_RUNPATH_SEARCH_PATHS = "$(inherited) @executable_path/Frameworks @loader_path/Frameworks";
				PRODUCT_BUNDLE_IDENTIFIER = com.daiki.FaceEvaluationTests;
				PRODUCT_NAME = "$(TARGET_NAME)";
				SWIFT_VERSION = 4.0;
				TARGETED_DEVICE_FAMILY = "1,2";
				TEST_HOST = "$(BUILT_PRODUCTS_DIR)/FaceEvaluation.app/FaceEvaluation";
			};
			name = Release;
		};
		A62E80F22052C32900D6CBC7 /* Debug */ = {
			isa = XCBuildConfiguration;
			baseConfigurationReference = BF73527EEBFE67791E8C1A7C /* Pods-FaceEvaluationUITests.debug.xcconfig */;
			buildSettings = {
				ALWAYS_EMBED_SWIFT_STANDARD_LIBRARIES = YES;
				CODE_SIGN_STYLE = Automatic;
				DEVELOPMENT_TEAM = XYQ55LVAAC;
				INFOPLIST_FILE = FaceEvaluationUITests/Info.plist;
				LD_RUNPATH_SEARCH_PATHS = "$(inherited) @executable_path/Frameworks @loader_path/Frameworks";
				PRODUCT_BUNDLE_IDENTIFIER = com.daiki.FaceEvaluationUITests;
				PRODUCT_NAME = "$(TARGET_NAME)";
				SWIFT_VERSION = 4.0;
				TARGETED_DEVICE_FAMILY = "1,2";
				TEST_TARGET_NAME = FaceEvaluation;
			};
			name = Debug;
		};
		A62E80F32052C32900D6CBC7 /* Release */ = {
			isa = XCBuildConfiguration;
			baseConfigurationReference = 4DD06BA3392A3782E4BE7CFF /* Pods-FaceEvaluationUITests.release.xcconfig */;
			buildSettings = {
				ALWAYS_EMBED_SWIFT_STANDARD_LIBRARIES = YES;
				CODE_SIGN_STYLE = Automatic;
				DEVELOPMENT_TEAM = XYQ55LVAAC;
				INFOPLIST_FILE = FaceEvaluationUITests/Info.plist;
				LD_RUNPATH_SEARCH_PATHS = "$(inherited) @executable_path/Frameworks @loader_path/Frameworks";
				PRODUCT_BUNDLE_IDENTIFIER = com.daiki.FaceEvaluationUITests;
				PRODUCT_NAME = "$(TARGET_NAME)";
				SWIFT_VERSION = 4.0;
				TARGETED_DEVICE_FAMILY = "1,2";
				TEST_TARGET_NAME = FaceEvaluation;
			};
			name = Release;
		};
/* End XCBuildConfiguration section */

/* Begin XCConfigurationList section */
		A62E80BB2052C32900D6CBC7 /* Build configuration list for PBXProject "FaceEvaluation" */ = {
			isa = XCConfigurationList;
			buildConfigurations = (
				A62E80E92052C32900D6CBC7 /* Debug */,
				A62E80EA2052C32900D6CBC7 /* Release */,
			);
			defaultConfigurationIsVisible = 0;
			defaultConfigurationName = Release;
		};
		A62E80EB2052C32900D6CBC7 /* Build configuration list for PBXNativeTarget "FaceEvaluation" */ = {
			isa = XCConfigurationList;
			buildConfigurations = (
				A62E80EC2052C32900D6CBC7 /* Debug */,
				A62E80ED2052C32900D6CBC7 /* Release */,
			);
			defaultConfigurationIsVisible = 0;
			defaultConfigurationName = Release;
		};
		A62E80EE2052C32900D6CBC7 /* Build configuration list for PBXNativeTarget "FaceEvaluationTests" */ = {
			isa = XCConfigurationList;
			buildConfigurations = (
				A62E80EF2052C32900D6CBC7 /* Debug */,
				A62E80F02052C32900D6CBC7 /* Release */,
			);
			defaultConfigurationIsVisible = 0;
			defaultConfigurationName = Release;
		};
		A62E80F12052C32900D6CBC7 /* Build configuration list for PBXNativeTarget "FaceEvaluationUITests" */ = {
			isa = XCConfigurationList;
			buildConfigurations = (
				A62E80F22052C32900D6CBC7 /* Debug */,
				A62E80F32052C32900D6CBC7 /* Release */,
			);
			defaultConfigurationIsVisible = 0;
			defaultConfigurationName = Release;
		};
/* End XCConfigurationList section */

/* Begin XCVersionGroup section */
		A62E80CA2052C32900D6CBC7 /* FaceEvaluation.xcdatamodeld */ = {
			isa = XCVersionGroup;
			children = (
				A62E80CB2052C32900D6CBC7 /* FaceEvaluation.xcdatamodel */,
			);
			currentVersion = A62E80CB2052C32900D6CBC7 /* FaceEvaluation.xcdatamodel */;
			path = FaceEvaluation.xcdatamodeld;
			sourceTree = "<group>";
			versionGroupType = wrapper.xcdatamodel;
		};
/* End XCVersionGroup section */
	};
	rootObject = A62E80B82052C32900D6CBC7 /* Project object */;
}
